
Microsoft Visual Studio Solution File, Format Version 12.00
# Visual Studio Version 17
VisualStudioVersion = 17.0.32014.148
MinimumVisualStudioVersion = 10.0.40219.1
Project("{2150E333-8FDC-42A3-9474-1A3956D46DE8}") = "BasicVariableAssignment", "BasicVariableAssignment", "{27894CEE-A337-4236-9349-EA9915F94B2F}"
EndProject
Project("{9A19103F-16F7-4668-BE54-9A1E7A4F7556}") = "Basic_Variable_Assignment", "Basic_Variable_Assignment\Basic_Variable_Assignment.csproj", "{2175E392-14A5-440E-A65A-8B59F241B84D}"
EndProject
Project("{2150E333-8FDC-42A3-9474-1A3956D46DE8}") = "NameGreeting", "NameGreeting", "{C932586C-D7DB-4E05-A545-FE3C9296EBE3}"
EndProject
Project("{9A19103F-16F7-4668-BE54-9A1E7A4F7556}") = "Name_Greeting", "Name_Greeting\Name_Greeting.csproj", "{55829D2B-200D-4083-8A9E-82D9661E825A}"
EndProject
Project("{2150E333-8FDC-42A3-9474-1A3956D46DE8}") = "AgeCalculation", "AgeCalculation", "{EAF147B7-2503-4465-B480-EAFD4F19FD66}"
EndProject
Project("{FAE04EC0-301F-11D3-BF4B-00C04F79EFBC}") = "Age_Calculation", "Age_Calculation\Age_Calculation.csproj", "{2C891C85-26E6-447F-8B65-017F9DF87221}"
EndProject
Global
	GlobalSection(SolutionConfigurationPlatforms) = preSolution
		Debug|Any CPU = Debug|Any CPU
		Release|Any CPU = Release|Any CPU
	EndGlobalSection
	GlobalSection(ProjectConfigurationPlatforms) = postSolution
		{2175E392-14A5-440E-A65A-8B59F241B84D}.Debug|Any CPU.ActiveCfg = Debug|Any CPU
		{2175E392-14A5-440E-A65A-8B59F241B84D}.Debug|Any CPU.Build.0 = Debug|Any CPU
		{2175E392-14A5-440E-A65A-8B59F241B84D}.Release|Any CPU.ActiveCfg = Release|Any CPU
		{2175E392-14A5-440E-A65A-8B59F241B84D}.Release|Any CPU.Build.0 = Release|Any CPU
		{55829D2B-200D-4083-8A9E-82D9661E825A}.Debug|Any CPU.ActiveCfg = Debug|Any CPU
		{55829D2B-200D-4083-8A9E-82D9661E825A}.Debug|Any CPU.Build.0 = Debug|Any CPU
		{55829D2B-200D-4083-8A9E-82D9661E825A}.Release|Any CPU.ActiveCfg = Release|Any CPU
		{55829D2B-200D-4083-8A9E-82D9661E825A}.Release|Any CPU.Build.0 = Release|Any CPU
		{2C891C85-26E6-447F-8B65-017F9DF87221}.Debug|Any CPU.ActiveCfg = Debug|Any CPU
		{2C891C85-26E6-447F-8B65-017F9DF87221}.Debug|Any CPU.Build.0 = Debug|Any CPU
		{2C891C85-26E6-447F-8B65-017F9DF87221}.Release|Any CPU.ActiveCfg = Release|Any CPU
		{2C891C85-26E6-447F-8B65-017F9DF87221}.Release|Any CPU.Build.0 = Release|Any CPU
	EndGlobalSection
	GlobalSection(SolutionProperties) = preSolution
		HideSolutionNode = FALSE
	EndGlobalSection
	GlobalSection(NestedProjects) = preSolution
		{2175E392-14A5-440E-A65A-8B59F241B84D} = {27894CEE-A337-4236-9349-EA9915F94B2F}
		{55829D2B-200D-4083-8A9E-82D9661E825A} = {C932586C-D7DB-4E05-A545-FE3C9296EBE3}
		{2C891C85-26E6-447F-8B65-017F9DF87221} = {EAF147B7-2503-4465-B480-EAFD4F19FD66}
	EndGlobalSection
	GlobalSection(ExtensibilityGlobals) = postSolution
		SolutionGuid = {77EC5CA4-E97E-4BF6-BA6A-B3E1A220FC7D}
	EndGlobalSection
EndGlobal
