
Microsoft Visual Studio Solution File, Format Version 12.00
# Visual Studio Version 16
VisualStudioVersion = 16.0.32002.261
MinimumVisualStudioVersion = 10.0.40219.1
Project("{2150E333-8FDC-42A3-9474-1A3956D46DE8}") = "BasicVariableAssignment", "BasicVariableAssignment", "{27894CEE-A337-4236-9349-EA9915F94B2F}"
EndProject
Project("{9A19103F-16F7-4668-BE54-9A1E7A4F7556}") = "Basic_Variable_Assignment", "Basic_Variable_Assignment\Basic_Variable_Assignment.csproj", "{2175E392-14A5-440E-A65A-8B59F241B84D}"
EndProject
Project("{2150E333-8FDC-42A3-9474-1A3956D46DE8}") = "NameGreeting", "NameGreeting", "{C932586C-D7DB-4E05-A545-FE3C9296EBE3}"
EndProject
Project("{9A19103F-16F7-4668-BE54-9A1E7A4F7556}") = "Name_Greeting", "Name_Greeting\Name_Greeting.csproj", "{55829D2B-200D-4083-8A9E-82D9661E825A}"
EndProject
Project("{2150E333-8FDC-42A3-9474-1A3956D46DE8}") = "AgeCalculation", "AgeCalculation", "{EAF147B7-2503-4465-B480-EAFD4F19FD66}"
EndProject
Project("{9A19103F-16F7-4668-BE54-9A1E7A4F7556}") = "Age_Calculation", "Age_Calculation\Age_Calculation.csproj", "{2C891C85-26E6-447F-8B65-017F9DF87221}"
EndProject
Project("{2150E333-8FDC-42A3-9474-1A3956D46DE8}") = "ReverseString", "ReverseString", "{6D4BE0D4-B231-4993-870F-642097C82F00}"
EndProject
Project("{9A19103F-16F7-4668-BE54-9A1E7A4F7556}") = "ReverseString", "ReverseString\ReverseString.csproj", "{5F2E8294-AECF-4700-B8A3-A6CAFF5B143E}"
EndProject
Project("{2150E333-8FDC-42A3-9474-1A3956D46DE8}") = "ReverseNumber", "ReverseNumber", "{790AB7B0-3B5E-4C07-BBAC-9D1252F86636}"
EndProject
Project("{9A19103F-16F7-4668-BE54-9A1E7A4F7556}") = "Reverse_Number", "Reverse_Number\Reverse_Number.csproj", "{51FC27CB-5F9D-4864-B74E-EA2E38336AC6}"
EndProject
Project("{2150E333-8FDC-42A3-9474-1A3956D46DE8}") = "Codeforces", "Codeforces", "{430135F2-A487-4B32-83F2-1B241765F67B}"
EndProject
Project("{9A19103F-16F7-4668-BE54-9A1E7A4F7556}") = "BeautifulMatrix_263A", "BeautifulMatrix_263A\BeautifulMatrix_263A.csproj", "{C1F07CFF-8800-4211-BD0A-0345404634D0}"
EndProject
Project("{9A19103F-16F7-4668-BE54-9A1E7A4F7556}") = "Petya_an_Strings_112A", "Petya_an_Strings_112A\Petya_an_Strings_112A.csproj", "{0A2F2F2B-E6FD-440E-BDEB-6DDD1061C22A}"
EndProject
Project("{9A19103F-16F7-4668-BE54-9A1E7A4F7556}") = "TheatreSquare_1A", "TheatreSquare_1A\TheatreSquare_1A.csproj", "{ECC86783-6F43-48B7-8E02-6D7114974496}"
EndProject
Project("{9A19103F-16F7-4668-BE54-9A1E7A4F7556}") = "Test", "Test\Test.csproj", "{32EF196A-65AD-49DE-A4F6-BC20378C5025}"
EndProject
Project("{FAE04EC0-301F-11D3-BF4B-00C04F79EFBC}") = "Word", "Word\Word.csproj", "{1E554308-730B-4289-8ABA-AA8A6E0205B9}"
EndProject
Global
	GlobalSection(SolutionConfigurationPlatforms) = preSolution
		Debug|Any CPU = Debug|Any CPU
		Release|Any CPU = Release|Any CPU
	EndGlobalSection
	GlobalSection(ProjectConfigurationPlatforms) = postSolution
		{2175E392-14A5-440E-A65A-8B59F241B84D}.Debug|Any CPU.ActiveCfg = Debug|Any CPU
		{2175E392-14A5-440E-A65A-8B59F241B84D}.Debug|Any CPU.Build.0 = Debug|Any CPU
		{2175E392-14A5-440E-A65A-8B59F241B84D}.Release|Any CPU.ActiveCfg = Release|Any CPU
		{2175E392-14A5-440E-A65A-8B59F241B84D}.Release|Any CPU.Build.0 = Release|Any CPU
		{55829D2B-200D-4083-8A9E-82D9661E825A}.Debug|Any CPU.ActiveCfg = Debug|Any CPU
		{55829D2B-200D-4083-8A9E-82D9661E825A}.Debug|Any CPU.Build.0 = Debug|Any CPU
		{55829D2B-200D-4083-8A9E-82D9661E825A}.Release|Any CPU.ActiveCfg = Release|Any CPU
		{55829D2B-200D-4083-8A9E-82D9661E825A}.Release|Any CPU.Build.0 = Release|Any CPU
		{2C891C85-26E6-447F-8B65-017F9DF87221}.Debug|Any CPU.ActiveCfg = Debug|Any CPU
		{2C891C85-26E6-447F-8B65-017F9DF87221}.Debug|Any CPU.Build.0 = Debug|Any CPU
		{2C891C85-26E6-447F-8B65-017F9DF87221}.Release|Any CPU.ActiveCfg = Release|Any CPU
		{2C891C85-26E6-447F-8B65-017F9DF87221}.Release|Any CPU.Build.0 = Release|Any CPU
		{5F2E8294-AECF-4700-B8A3-A6CAFF5B143E}.Debug|Any CPU.ActiveCfg = Debug|Any CPU
		{5F2E8294-AECF-4700-B8A3-A6CAFF5B143E}.Debug|Any CPU.Build.0 = Debug|Any CPU
		{5F2E8294-AECF-4700-B8A3-A6CAFF5B143E}.Release|Any CPU.ActiveCfg = Release|Any CPU
		{5F2E8294-AECF-4700-B8A3-A6CAFF5B143E}.Release|Any CPU.Build.0 = Release|Any CPU
		{51FC27CB-5F9D-4864-B74E-EA2E38336AC6}.Debug|Any CPU.ActiveCfg = Debug|Any CPU
		{51FC27CB-5F9D-4864-B74E-EA2E38336AC6}.Debug|Any CPU.Build.0 = Debug|Any CPU
		{51FC27CB-5F9D-4864-B74E-EA2E38336AC6}.Release|Any CPU.ActiveCfg = Release|Any CPU
		{51FC27CB-5F9D-4864-B74E-EA2E38336AC6}.Release|Any CPU.Build.0 = Release|Any CPU
		{C1F07CFF-8800-4211-BD0A-0345404634D0}.Debug|Any CPU.ActiveCfg = Debug|Any CPU
		{C1F07CFF-8800-4211-BD0A-0345404634D0}.Debug|Any CPU.Build.0 = Debug|Any CPU
		{C1F07CFF-8800-4211-BD0A-0345404634D0}.Release|Any CPU.ActiveCfg = Release|Any CPU
		{C1F07CFF-8800-4211-BD0A-0345404634D0}.Release|Any CPU.Build.0 = Release|Any CPU
		{0A2F2F2B-E6FD-440E-BDEB-6DDD1061C22A}.Debug|Any CPU.ActiveCfg = Debug|Any CPU
		{0A2F2F2B-E6FD-440E-BDEB-6DDD1061C22A}.Debug|Any CPU.Build.0 = Debug|Any CPU
		{0A2F2F2B-E6FD-440E-BDEB-6DDD1061C22A}.Release|Any CPU.ActiveCfg = Release|Any CPU
		{0A2F2F2B-E6FD-440E-BDEB-6DDD1061C22A}.Release|Any CPU.Build.0 = Release|Any CPU
		{ECC86783-6F43-48B7-8E02-6D7114974496}.Debug|Any CPU.ActiveCfg = Debug|Any CPU
		{ECC86783-6F43-48B7-8E02-6D7114974496}.Debug|Any CPU.Build.0 = Debug|Any CPU
		{ECC86783-6F43-48B7-8E02-6D7114974496}.Release|Any CPU.ActiveCfg = Release|Any CPU
		{ECC86783-6F43-48B7-8E02-6D7114974496}.Release|Any CPU.Build.0 = Release|Any CPU
		{32EF196A-65AD-49DE-A4F6-BC20378C5025}.Debug|Any CPU.ActiveCfg = Debug|Any CPU
		{32EF196A-65AD-49DE-A4F6-BC20378C5025}.Debug|Any CPU.Build.0 = Debug|Any CPU
		{32EF196A-65AD-49DE-A4F6-BC20378C5025}.Release|Any CPU.ActiveCfg = Release|Any CPU
		{32EF196A-65AD-49DE-A4F6-BC20378C5025}.Release|Any CPU.Build.0 = Release|Any CPU
		{1E554308-730B-4289-8ABA-AA8A6E0205B9}.Debug|Any CPU.ActiveCfg = Debug|Any CPU
		{1E554308-730B-4289-8ABA-AA8A6E0205B9}.Debug|Any CPU.Build.0 = Debug|Any CPU
		{1E554308-730B-4289-8ABA-AA8A6E0205B9}.Release|Any CPU.ActiveCfg = Release|Any CPU
		{1E554308-730B-4289-8ABA-AA8A6E0205B9}.Release|Any CPU.Build.0 = Release|Any CPU
	EndGlobalSection
	GlobalSection(SolutionProperties) = preSolution
		HideSolutionNode = FALSE
	EndGlobalSection
	GlobalSection(NestedProjects) = preSolution
		{2175E392-14A5-440E-A65A-8B59F241B84D} = {27894CEE-A337-4236-9349-EA9915F94B2F}
		{55829D2B-200D-4083-8A9E-82D9661E825A} = {C932586C-D7DB-4E05-A545-FE3C9296EBE3}
		{2C891C85-26E6-447F-8B65-017F9DF87221} = {EAF147B7-2503-4465-B480-EAFD4F19FD66}
		{5F2E8294-AECF-4700-B8A3-A6CAFF5B143E} = {6D4BE0D4-B231-4993-870F-642097C82F00}
		{51FC27CB-5F9D-4864-B74E-EA2E38336AC6} = {790AB7B0-3B5E-4C07-BBAC-9D1252F86636}
		{C1F07CFF-8800-4211-BD0A-0345404634D0} = {430135F2-A487-4B32-83F2-1B241765F67B}
		{0A2F2F2B-E6FD-440E-BDEB-6DDD1061C22A} = {430135F2-A487-4B32-83F2-1B241765F67B}
		{ECC86783-6F43-48B7-8E02-6D7114974496} = {430135F2-A487-4B32-83F2-1B241765F67B}
		{1E554308-730B-4289-8ABA-AA8A6E0205B9} = {430135F2-A487-4B32-83F2-1B241765F67B}
	EndGlobalSection
	GlobalSection(ExtensibilityGlobals) = postSolution
		SolutionGuid = {77EC5CA4-E97E-4BF6-BA6A-B3E1A220FC7D}
	EndGlobalSection
EndGlobal
